
Microsoft Visual Studio Solution File, Format Version 12.00
# Visual Studio Version 17
VisualStudioVersion = 17.8.34309.116
MinimumVisualStudioVersion = 10.0.40219.1
Project("{9A19103F-16F7-4668-BE54-9A1E7A4F7556}") = "Acme.NotifyPrintDistributor", "Acme.NotifyPrintDistributor\Acme.NotifyPrintDistributor.csproj", "{6EC20DBB-1BC8-4BD7-8C93-CF901E428AD1}"
EndProject
Project("{FAE04EC0-301F-11D3-BF4B-00C04F79EFBC}") = "Acme.NotifyPrintDistributor.Testing", "Acme.NotifyPrintDistributor.Testing\Acme.NotifyPrintDistributor.Testing.csproj", "{08AD78D1-95F3-43C8-B6E0-344B8031F363}"
EndProject
Global
	GlobalSection(SolutionConfigurationPlatforms) = preSolution
		Debug|Any CPU = Debug|Any CPU
		Release|Any CPU = Release|Any CPU
	EndGlobalSection
	GlobalSection(ProjectConfigurationPlatforms) = postSolution
		{6EC20DBB-1BC8-4BD7-8C93-CF901E428AD1}.Debug|Any CPU.ActiveCfg = Debug|Any CPU
		{6EC20DBB-1BC8-4BD7-8C93-CF901E428AD1}.Debug|Any CPU.Build.0 = Debug|Any CPU
		{6EC20DBB-1BC8-4BD7-8C93-CF901E428AD1}.Release|Any CPU.ActiveCfg = Release|Any CPU
		{6EC20DBB-1BC8-4BD7-8C93-CF901E428AD1}.Release|Any CPU.Build.0 = Release|Any CPU
		{08AD78D1-95F3-43C8-B6E0-344B8031F363}.Debug|Any CPU.ActiveCfg = Debug|Any CPU
		{08AD78D1-95F3-43C8-B6E0-344B8031F363}.Debug|Any CPU.Build.0 = Debug|Any CPU
		{08AD78D1-95F3-43C8-B6E0-344B8031F363}.Release|Any CPU.ActiveCfg = Release|Any CPU
		{08AD78D1-95F3-43C8-B6E0-344B8031F363}.Release|Any CPU.Build.0 = Release|Any CPU
	EndGlobalSection
	GlobalSection(SolutionProperties) = preSolution
		HideSolutionNode = FALSE
	EndGlobalSection
	GlobalSection(ExtensibilityGlobals) = postSolution
		SolutionGuid = {6E581411-345A-47BA-97A6-D5619487AD29}
	EndGlobalSection
EndGlobal
